
Microsoft Visual Studio Solution File, Format Version 12.00
# Visual Studio Version 17
VisualStudioVersion = 17.6.33723.286
MinimumVisualStudioVersion = 10.0.40219.1
Project("{FAE04EC0-301F-11D3-BF4B-00C04F79EFBC}") = "CustomerApi", "CustomerApi\CustomerApi.csproj", "{A43DE9A7-3D5F-4C80-9B2F-8560E3DE2D42}"
EndProject
Global
	GlobalSection(SolutionConfigurationPlatforms) = preSolution
		Debug|Any CPU = Debug|Any CPU
		Release|Any CPU = Release|Any CPU
	EndGlobalSection
	GlobalSection(ProjectConfigurationPlatforms) = postSolution
		{A43DE9A7-3D5F-4C80-9B2F-8560E3DE2D42}.Debug|Any CPU.ActiveCfg = Debug|Any CPU
		{A43DE9A7-3D5F-4C80-9B2F-8560E3DE2D42}.Debug|Any CPU.Build.0 = Debug|Any CPU
		{A43DE9A7-3D5F-4C80-9B2F-8560E3DE2D42}.Release|Any CPU.ActiveCfg = Release|Any CPU
		{A43DE9A7-3D5F-4C80-9B2F-8560E3DE2D42}.Release|Any CPU.Build.0 = Release|Any CPU
	EndGlobalSection
	GlobalSection(SolutionProperties) = preSolution
		HideSolutionNode = FALSE
	EndGlobalSection
	GlobalSection(ExtensibilityGlobals) = postSolution
		SolutionGuid = {4E0F3D96-1EDB-4CA0-9E8F-45BE4515DE69}
	EndGlobalSection
EndGlobal
